
Microsoft Visual Studio Solution File, Format Version 12.00
# Visual Studio 15
VisualStudioVersion = 15.0.27428.2015
MinimumVisualStudioVersion = 10.0.40219.1
Project("{FAE04EC0-301F-11D3-BF4B-00C04F79EFBC}") = "GetRelativityAppVersion", "GetRelativityAppVersion\GetRelativityAppVersion.csproj", "{50BE3014-55E8-4E56-A0B2-8E2B232D648E}"
EndProject
Global
	GlobalSection(SolutionConfigurationPlatforms) = preSolution
		Debug|Any CPU = Debug|Any CPU
		Release|Any CPU = Release|Any CPU
	EndGlobalSection
	GlobalSection(ProjectConfigurationPlatforms) = postSolution
		{50BE3014-55E8-4E56-A0B2-8E2B232D648E}.Debug|Any CPU.ActiveCfg = Debug|Any CPU
		{50BE3014-55E8-4E56-A0B2-8E2B232D648E}.Debug|Any CPU.Build.0 = Debug|Any CPU
		{50BE3014-55E8-4E56-A0B2-8E2B232D648E}.Release|Any CPU.ActiveCfg = Release|Any CPU
		{50BE3014-55E8-4E56-A0B2-8E2B232D648E}.Release|Any CPU.Build.0 = Release|Any CPU
	EndGlobalSection
	GlobalSection(SolutionProperties) = preSolution
		HideSolutionNode = FALSE
	EndGlobalSection
	GlobalSection(ExtensibilityGlobals) = postSolution
		SolutionGuid = {9F602847-25D3-4FF6-80D2-A2C3EEB564FA}
	EndGlobalSection
EndGlobal
